{
  "name": "test",
  "version": "1.0.0",
  "lockfileVersion": 1,
  "requires": true,
  "dependencies": {
    "title-case-converter": {
      "version": "2.0.0",
      "resolved": "https://registry.npmjs.org/title-case-converter/-/title-case-converter-2.0.0.tgz",
      "integrity": "sha512-DOpmGmum3u9uzcpIFqOAW9Q4JgSnErLCe/sbH/INhCTEFDUSPT6fen6X4W3PqUSq1m6E/YHQe4tVReyY/BjaDg=="
    }
  }
}
